// !$*UTF8*$!
{
	archiveVersion = 1;
	classes = {
	};
	objectVersion = 50;
	objects = {

/* Begin PBXBuildFile section */
		E182375325C16C620091C8AD /* AppDelegate.swift in Sources */ = {isa = PBXBuildFile; fileRef = E182375225C16C620091C8AD /* AppDelegate.swift */; };
		E182375525C16C620091C8AD /* SceneDelegate.swift in Sources */ = {isa = PBXBuildFile; fileRef = E182375425C16C620091C8AD /* SceneDelegate.swift */; };
		E182375725C16C620091C8AD /* ViewController.swift in Sources */ = {isa = PBXBuildFile; fileRef = E182375625C16C620091C8AD /* ViewController.swift */; };
		E182375A25C16C620091C8AD /* Main.storyboard in Resources */ = {isa = PBXBuildFile; fileRef = E182375825C16C620091C8AD /* Main.storyboard */; };
		E182375C25C16C630091C8AD /* Assets.xcassets in Resources */ = {isa = PBXBuildFile; fileRef = E182375B25C16C630091C8AD /* Assets.xcassets */; };
		E182375F25C16C630091C8AD /* LaunchScreen.storyboard in Resources */ = {isa = PBXBuildFile; fileRef = E182375D25C16C630091C8AD /* LaunchScreen.storyboard */; };
		E182376925C16EF70091C8AD /* Extensions.swift in Sources */ = {isa = PBXBuildFile; fileRef = E182376825C16EF70091C8AD /* Extensions.swift */; };
		E182376C25C177880091C8AD /* GradientLabel.swift in Sources */ = {isa = PBXBuildFile; fileRef = E182376B25C177880091C8AD /* GradientLabel.swift */; };
		E182376F25C17D830091C8AD /* RandomTextCVCell.swift in Sources */ = {isa = PBXBuildFile; fileRef = E182376E25C17D830091C8AD /* RandomTextCVCell.swift */; };
/* End PBXBuildFile section */

/* Begin PBXFileReference section */
		E182374F25C16C620091C8AD /* gradientLabel.app */ = {isa = PBXFileReference; explicitFileType = wrapper.application; includeInIndex = 0; path = gradientLabel.app; sourceTree = BUILT_PRODUCTS_DIR; };
		E182375225C16C620091C8AD /* AppDelegate.swift */ = {isa = PBXFileReference; lastKnownFileType = sourcecode.swift; path = AppDelegate.swift; sourceTree = "<group>"; };
		E182375425C16C620091C8AD /* SceneDelegate.swift */ = {isa = PBXFileReference; lastKnownFileType = sourcecode.swift; path = SceneDelegate.swift; sourceTree = "<group>"; };
		E182375625C16C620091C8AD /* ViewController.swift */ = {isa = PBXFileReference; lastKnownFileType = sourcecode.swift; path = ViewController.swift; sourceTree = "<group>"; };
		E182375925C16C620091C8AD /* Base */ = {isa = PBXFileReference; lastKnownFileType = file.storyboard; name = Base; path = Base.lproj/Main.storyboard; sourceTree = "<group>"; };
		E182375B25C16C630091C8AD /* Assets.xcassets */ = {isa = PBXFileReference; lastKnownFileType = folder.assetcatalog; path = Assets.xcassets; sourceTree = "<group>"; };
		E182375E25C16C630091C8AD /* Base */ = {isa = PBXFileReference; lastKnownFileType = file.storyboard; name = Base; path = Base.lproj/LaunchScreen.storyboard; sourceTree = "<group>"; };
		E182376025C16C630091C8AD /* Info.plist */ = {isa = PBXFileReference; lastKnownFileType = text.plist.xml; path = Info.plist; sourceTree = "<group>"; };
		E182376825C16EF70091C8AD /* Extensions.swift */ = {isa = PBXFileReference; lastKnownFileType = sourcecode.swift; path = Extensions.swift; sourceTree = "<group>"; };
		E182376B25C177880091C8AD /* GradientLabel.swift */ = {isa = PBXFileReference; lastKnownFileType = sourcecode.swift; path = GradientLabel.swift; sourceTree = "<group>"; };
		E182376E25C17D830091C8AD /* RandomTextCVCell.swift */ = {isa = PBXFileReference; lastKnownFileType = sourcecode.swift; path = RandomTextCVCell.swift; sourceTree = "<group>"; };
/* End PBXFileReference section */

/* Begin PBXFrameworksBuildPhase section */
		E182374C25C16C620091C8AD /* Frameworks */ = {
			isa = PBXFrameworksBuildPhase;
			buildActionMask = 2147483647;
			files = (
			);
			runOnlyForDeploymentPostprocessing = 0;
		};
/* End PBXFrameworksBuildPhase section */

/* Begin PBXGroup section */
		E182374625C16C620091C8AD = {
			isa = PBXGroup;
			children = (
				E182375125C16C620091C8AD /* gradientLabel */,
				E182375025C16C620091C8AD /* Products */,
			);
			sourceTree = "<group>";
		};
		E182375025C16C620091C8AD /* Products */ = {
			isa = PBXGroup;
			children = (
				E182374F25C16C620091C8AD /* gradientLabel.app */,
			);
			name = Products;
			sourceTree = "<group>";
		};
		E182375125C16C620091C8AD /* gradientLabel */ = {
			isa = PBXGroup;
			children = (
				E182375225C16C620091C8AD /* AppDelegate.swift */,
				E182375425C16C620091C8AD /* SceneDelegate.swift */,
				E182375625C16C620091C8AD /* ViewController.swift */,
				E182375825C16C620091C8AD /* Main.storyboard */,
				E182375B25C16C630091C8AD /* Assets.xcassets */,
				E182375D25C16C630091C8AD /* LaunchScreen.storyboard */,
				E182376025C16C630091C8AD /* Info.plist */,
				E182376825C16EF70091C8AD /* Extensions.swift */,
				E182376B25C177880091C8AD /* GradientLabel.swift */,
				E182376E25C17D830091C8AD /* RandomTextCVCell.swift */,
			);
			path = gradientLabel;
			sourceTree = "<group>";
		};
/* End PBXGroup section */

/* Begin PBXNativeTarget section */
		E182374E25C16C620091C8AD /* gradientLabel */ = {
			isa = PBXNativeTarget;
			buildConfigurationList = E182376325C16C630091C8AD /* Build configuration list for PBXNativeTarget "gradientLabel" */;
			buildPhases = (
				E182374B25C16C620091C8AD /* Sources */,
				E182374C25C16C620091C8AD /* Frameworks */,
				E182374D25C16C620091C8AD /* Resources */,
			);
			buildRules = (
			);
			dependencies = (
			);
			name = gradientLabel;
			productName = gradientLabel;
			productReference = E182374F25C16C620091C8AD /* gradientLabel.app */;
			productType = "com.apple.product-type.application";
		};
/* End PBXNativeTarget section */

/* Begin PBXProject section */
		E182374725C16C620091C8AD /* Project object */ = {
			isa = PBXProject;
			attributes = {
				LastSwiftUpdateCheck = 1240;
				LastUpgradeCheck = 1240;
				TargetAttributes = {
					E182374E25C16C620091C8AD = {
						CreatedOnToolsVersion = 12.4;
					};
				};
			};
			buildConfigurationList = E182374A25C16C620091C8AD /* Build configuration list for PBXProject "gradientLabel" */;
			compatibilityVersion = "Xcode 9.3";
			developmentRegion = en;
			hasScannedForEncodings = 0;
			knownRegions = (
				en,
				Base,
			);
			mainGroup = E182374625C16C620091C8AD;
			productRefGroup = E182375025C16C620091C8AD /* Products */;
			projectDirPath = "";
			projectRoot = "";
			targets = (
				E182374E25C16C620091C8AD /* gradientLabel */,
			);
		};
/* End PBXProject section */

/* Begin PBXResourcesBuildPhase section */
		E182374D25C16C620091C8AD /* Resources */ = {
			isa = PBXResourcesBuildPhase;
			buildActionMask = 2147483647;
			files = (
				E182375F25C16C630091C8AD /* LaunchScreen.storyboard in Resources */,
				E182375C25C16C630091C8AD /* Assets.xcassets in Resources */,
				E182375A25C16C620091C8AD /* Main.storyboard in Resources */,
			);
			runOnlyForDeploymentPostprocessing = 0;
		};
/* End PBXResourcesBuildPhase section */

/* Begin PBXSourcesBuildPhase section */
		E182374B25C16C620091C8AD /* Sources */ = {
			isa = PBXSourcesBuildPhase;
			buildActionMask = 2147483647;
			files = (
				E182375725C16C620091C8AD /* ViewController.swift in Sources */,
				E182376C25C177880091C8AD /* GradientLabel.swift in Sources */,
				E182375325C16C620091C8AD /* AppDelegate.swift in Sources */,
				E182375525C16C620091C8AD /* SceneDelegate.swift in Sources */,
				E182376F25C17D830091C8AD /* RandomTextCVCell.swift in Sources */,
				E182376925C16EF70091C8AD /* Extensions.swift in Sources */,
			);
			runOnlyForDeploymentPostprocessing = 0;
		};
/* End PBXSourcesBuildPhase section */

/* Begin PBXVariantGroup section */
		E182375825C16C620091C8AD /* Main.storyboard */ = {
			isa = PBXVariantGroup;
			children = (
				E182375925C16C620091C8AD /* Base */,
			);
			name = Main.storyboard;
			sourceTree = "<group>";
		};
		E182375D25C16C630091C8AD /* LaunchScreen.storyboard */ = {
			isa = PBXVariantGroup;
			children = (
				E182375E25C16C630091C8AD /* Base */,
			);
			name = LaunchScreen.storyboard;
			sourceTree = "<group>";
		};
/* End PBXVariantGroup section */

/* Begin XCBuildConfiguration section */
		E182376125C16C630091C8AD /* Debug */ = {
			isa = XCBuildConfiguration;
			buildSettings = {
				ALWAYS_SEARCH_USER_PATHS = NO;
				CLANG_ANALYZER_NONNULL = YES;
				CLANG_ANALYZER_NUMBER_OBJECT_CONVERSION = YES_AGGRESSIVE;
				CLANG_CXX_LANGUAGE_STANDARD = "gnu++14";
				CLANG_CXX_LIBRARY = "libc++";
				CLANG_ENABLE_MODULES = YES;
				CLANG_ENABLE_OBJC_ARC = YES;
				CLANG_ENABLE_OBJC_WEAK = YES;
				CLANG_WARN_BLOCK_CAPTURE_AUTORELEASING = YES;
				CLANG_WARN_BOOL_CONVERSION = YES;
				CLANG_WARN_COMMA = YES;
				CLANG_WARN_CONSTANT_CONVERSION = YES;
				CLANG_WARN_DEPRECATED_OBJC_IMPLEMENTATIONS = YES;
				CLANG_WARN_DIRECT_OBJC_ISA_USAGE = YES_ERROR;
				CLANG_WARN_DOCUMENTATION_COMMENTS = YES;
				CLANG_WARN_EMPTY_BODY = YES;
				CLANG_WARN_ENUM_CONVERSION = YES;
				CLANG_WARN_INFINITE_RECURSION = YES;
				CLANG_WARN_INT_CONVERSION = YES;
				CLANG_WARN_NON_LITERAL_NULL_CONVERSION = YES;
				CLANG_WARN_OBJC_IMPLICIT_RETAIN_SELF = YES;
				CLANG_WARN_OBJC_LITERAL_CONVERSION = YES;
				CLANG_WARN_OBJC_ROOT_CLASS = YES_ERROR;
				CLANG_WARN_QUOTED_INCLUDE_IN_FRAMEWORK_HEADER = YES;
				CLANG_WARN_RANGE_LOOP_ANALYSIS = YES;
				CLANG_WARN_STRICT_PROTOTYPES = YES;
				CLANG_WARN_SUSPICIOUS_MOVE = YES;
				CLANG_WARN_UNGUARDED_AVAILABILITY = YES_AGGRESSIVE;
				CLANG_WARN_UNREACHABLE_CODE = YES;
				CLANG_WARN__DUPLICATE_METHOD_MATCH = YES;
				COPY_PHASE_STRIP = NO;
				DEBUG_INFORMATION_FORMAT = dwarf;
				ENABLE_STRICT_OBJC_MSGSEND = YES;
				ENABLE_TESTABILITY = YES;
				GCC_C_LANGUAGE_STANDARD = gnu11;
				GCC_DYNAMIC_NO_PIC = NO;
				GCC_NO_COMMON_BLOCKS = YES;
				GCC_OPTIMIZATION_LEVEL = 0;
				GCC_PREPROCESSOR_DEFINITIONS = (
					"DEBUG=1",
					"$(inherited)",
				);
				GCC_WARN_64_TO_32_BIT_CONVERSION = YES;
				GCC_WARN_ABOUT_RETURN_TYPE = YES_ERROR;
				GCC_WARN_UNDECLARED_SELECTOR = YES;
				GCC_WARN_UNINITIALIZED_AUTOS = YES_AGGRESSIVE;
				GCC_WARN_UNUSED_FUNCTION = YES;
				GCC_WARN_UNUSED_VARIABLE = YES;
				IPHONEOS_DEPLOYMENT_TARGET = 14.4;
				MTL_ENABLE_DEBUG_INFO = INCLUDE_SOURCE;
				MTL_FAST_MATH = YES;
				ONLY_ACTIVE_ARCH = YES;
				SDKROOT = iphoneos;
				SWIFT_ACTIVE_COMPILATION_CONDITIONS = DEBUG;
				SWIFT_OPTIMIZATION_LEVEL = "-Onone";
			};
			name = Debug;
		};
		E182376225C16C630091C8AD /* Release */ = {
			isa = XCBuildConfiguration;
			buildSettings = {
				ALWAYS_SEARCH_USER_PATHS = NO;
				CLANG_ANALYZER_NONNULL = YES;
				CLANG_ANALYZER_NUMBER_OBJECT_CONVERSION = YES_AGGRESSIVE;
				CLANG_CXX_LANGUAGE_STANDARD = "gnu++14";
				CLANG_CXX_LIBRARY = "libc++";
				CLANG_ENABLE_MODULES = YES;
				CLANG_ENABLE_OBJC_ARC = YES;
				CLANG_ENABLE_OBJC_WEAK = YES;
				CLANG_WARN_BLOCK_CAPTURE_AUTORELEASING = YES;
				CLANG_WARN_BOOL_CONVERSION = YES;
				CLANG_WARN_COMMA = YES;
				CLANG_WARN_CONSTANT_CONVERSION = YES;
				CLANG_WARN_DEPRECATED_OBJC_IMPLEMENTATIONS = YES;
				CLANG_WARN_DIRECT_OBJC_ISA_USAGE = YES_ERROR;
				CLANG_WARN_DOCUMENTATION_COMMENTS = YES;
				CLANG_WARN_EMPTY_BODY = YES;
				CLANG_WARN_ENUM_CONVERSION = YES;
				CLANG_WARN_INFINITE_RECURSION = YES;
				CLANG_WARN_INT_CONVERSION = YES;
				CLANG_WARN_NON_LITERAL_NULL_CONVERSION = YES;
				CLANG_WARN_OBJC_IMPLICIT_RETAIN_SELF = YES;
				CLANG_WARN_OBJC_LITERAL_CONVERSION = YES;
				CLANG_WARN_OBJC_ROOT_CLASS = YES_ERROR;
				CLANG_WARN_QUOTED_INCLUDE_IN_FRAMEWORK_HEADER = YES;
				CLANG_WARN_RANGE_LOOP_ANALYSIS = YES;
				CLANG_WARN_STRICT_PROTOTYPES = YES;
				CLANG_WARN_SUSPICIOUS_MOVE = YES;
				CLANG_WARN_UNGUARDED_AVAILABILITY = YES_AGGRESSIVE;
				CLANG_WARN_UNREACHABLE_CODE = YES;
				CLANG_WARN__DUPLICATE_METHOD_MATCH = YES;
				COPY_PHASE_STRIP = NO;
				DEBUG_INFORMATION_FORMAT = "dwarf-with-dsym";
				ENABLE_NS_ASSERTIONS = NO;
				ENABLE_STRICT_OBJC_MSGSEND = YES;
				GCC_C_LANGUAGE_STANDARD = gnu11;
				GCC_NO_COMMON_BLOCKS = YES;
				GCC_WARN_64_TO_32_BIT_CONVERSION = YES;
				GCC_WARN_ABOUT_RETURN_TYPE = YES_ERROR;
				GCC_WARN_UNDECLARED_SELECTOR = YES;
				GCC_WARN_UNINITIALIZED_AUTOS = YES_AGGRESSIVE;
				GCC_WARN_UNUSED_FUNCTION = YES;
				GCC_WARN_UNUSED_VARIABLE = YES;
				IPHONEOS_DEPLOYMENT_TARGET = 14.4;
				MTL_ENABLE_DEBUG_INFO = NO;
				MTL_FAST_MATH = YES;
				SDKROOT = iphoneos;
				SWIFT_COMPILATION_MODE = wholemodule;
				SWIFT_OPTIMIZATION_LEVEL = "-O";
				VALIDATE_PRODUCT = YES;
			};
			name = Release;
		};
		E182376425C16C630091C8AD /* Debug */ = {
			isa = XCBuildConfiguration;
			buildSettings = {
				ASSETCATALOG_COMPILER_APPICON_NAME = AppIcon;
				ASSETCATALOG_COMPILER_GLOBAL_ACCENT_COLOR_NAME = AccentColor;
				CODE_SIGN_IDENTITY = "Apple Development";
				CODE_SIGN_STYLE = Automatic;
				DEVELOPMENT_TEAM = ZZ8WVMYBA7;
				INFOPLIST_FILE = gradientLabel/Info.plist;
				IPHONEOS_DEPLOYMENT_TARGET = 13.0;
				LD_RUNPATH_SEARCH_PATHS = (
					"$(inherited)",
					"@executable_path/Frameworks",
				);
				PRODUCT_BUNDLE_IDENTIFIER = com.praveen.sample.app;
				PRODUCT_NAME = "$(TARGET_NAME)";
				PROVISIONING_PROFILE_SPECIFIER = "";
				SWIFT_VERSION = 5.0;
				TARGETED_DEVICE_FAMILY = "1,2";
			};
			name = Debug;
		};
		E182376525C16C630091C8AD /* Release */ = {
			isa = XCBuildConfiguration;
			buildSettings = {
				ASSETCATALOG_COMPILER_APPICON_NAME = AppIcon;
				ASSETCATALOG_COMPILER_GLOBAL_ACCENT_COLOR_NAME = AccentColor;
				CODE_SIGN_IDENTITY = "Apple Development";
				CODE_SIGN_STYLE = Automatic;
				DEVELOPMENT_TEAM = ZZ8WVMYBA7;
				INFOPLIST_FILE = gradientLabel/Info.plist;
				IPHONEOS_DEPLOYMENT_TARGET = 13.0;
				LD_RUNPATH_SEARCH_PATHS = (
					"$(inherited)",
					"@executable_path/Frameworks",
				);
				PRODUCT_BUNDLE_IDENTIFIER = com.praveen.sample.app;
				PRODUCT_NAME = "$(TARGET_NAME)";
				PROVISIONING_PROFILE_SPECIFIER = "";
				SWIFT_VERSION = 5.0;
				TARGETED_DEVICE_FAMILY = "1,2";
			};
			name = Release;
		};
/* End XCBuildConfiguration section */

/* Begin XCConfigurationList section */
		E182374A25C16C620091C8AD /* Build configuration list for PBXProject "gradientLabel" */ = {
			isa = XCConfigurationList;
			buildConfigurations = (
				E182376125C16C630091C8AD /* Debug */,
				E182376225C16C630091C8AD /* Release */,
			);
			defaultConfigurationIsVisible = 0;
			defaultConfigurationName = Release;
		};
		E182376325C16C630091C8AD /* Build configuration list for PBXNativeTarget "gradientLabel" */ = {
			isa = XCConfigurationList;
			buildConfigurations = (
				E182376425C16C630091C8AD /* Debug */,
				E182376525C16C630091C8AD /* Release */,
			);
			defaultConfigurationIsVisible = 0;
			defaultConfigurationName = Release;
		};
/* End XCConfigurationList section */
	};
	rootObject = E182374725C16C620091C8AD /* Project object */;
}
